# THIS IS AN AUTOGENERATED FILE. DO NOT EDIT THIS FILE DIRECTLY.
# yarn lockfile v1


twitter-api-v2@^1.12.2:
  version "1.12.2"
  resolved "https://registry.yarnpkg.com/twitter-api-v2/-/twitter-api-v2-1.12.2.tgz#c2118ee2439c28400186f965b5ae9256369f7cc0"
  integrity sha512-vgv4ndG7BcjSzcm/Owf+tN4DVSZxWlN61hpulFkmUdf+hBjWvr/0edHoy+IUm1g2pJ7c+6706ZgkjZPdp0GHQA==
